// !$*UTF8*$!
{
	archiveVersion = 1;
	classes = {
	};
	objectVersion = 55;
	objects = {

/* Begin PBXBuildFile section */
		CD9F5D94273EF931009AB887 /* AppDelegate.swift in Sources */ = {isa = PBXBuildFile; fileRef = CD9F5D93273EF931009AB887 /* AppDelegate.swift */; };
		CD9F5D96273EF931009AB887 /* SceneDelegate.swift in Sources */ = {isa = PBXBuildFile; fileRef = CD9F5D95273EF931009AB887 /* SceneDelegate.swift */; };
		CD9F5D98273EF931009AB887 /* ViewController.swift in Sources */ = {isa = PBXBuildFile; fileRef = CD9F5D97273EF931009AB887 /* ViewController.swift */; };
		CD9F5D9B273EF931009AB887 /* Main.storyboard in Resources */ = {isa = PBXBuildFile; fileRef = CD9F5D99273EF931009AB887 /* Main.storyboard */; };
		CD9F5D9E273EF931009AB887 /* iOSTest.xcdatamodeld in Sources */ = {isa = PBXBuildFile; fileRef = CD9F5D9C273EF931009AB887 /* iOSTest.xcdatamodeld */; };
		CD9F5DA0273EF932009AB887 /* Assets.xcassets in Resources */ = {isa = PBXBuildFile; fileRef = CD9F5D9F273EF932009AB887 /* Assets.xcassets */; };
		CD9F5DA3273EF932009AB887 /* LaunchScreen.storyboard in Resources */ = {isa = PBXBuildFile; fileRef = CD9F5DA1273EF932009AB887 /* LaunchScreen.storyboard */; };
		CD9F5DAE273EF932009AB887 /* iOSTestTests.swift in Sources */ = {isa = PBXBuildFile; fileRef = CD9F5DAD273EF932009AB887 /* iOSTestTests.swift */; };
		CD9F5DB8273EF932009AB887 /* iOSTestUITests.swift in Sources */ = {isa = PBXBuildFile; fileRef = CD9F5DB7273EF932009AB887 /* iOSTestUITests.swift */; };
		CD9F5DBA273EF932009AB887 /* iOSTestUITestsLaunchTests.swift in Sources */ = {isa = PBXBuildFile; fileRef = CD9F5DB9273EF932009AB887 /* iOSTestUITestsLaunchTests.swift */; };
/* End PBXBuildFile section */

/* Begin PBXContainerItemProxy section */
		CD9F5DAA273EF932009AB887 /* PBXContainerItemProxy */ = {
			isa = PBXContainerItemProxy;
			containerPortal = CD9F5D88273EF931009AB887 /* Project object */;
			proxyType = 1;
			remoteGlobalIDString = CD9F5D8F273EF931009AB887;
			remoteInfo = iOSTest;
		};
		CD9F5DB4273EF932009AB887 /* PBXContainerItemProxy */ = {
			isa = PBXContainerItemProxy;
			containerPortal = CD9F5D88273EF931009AB887 /* Project object */;
			proxyType = 1;
			remoteGlobalIDString = CD9F5D8F273EF931009AB887;
			remoteInfo = iOSTest;
		};
/* End PBXContainerItemProxy section */

/* Begin PBXFileReference section */
		CD9F5D90273EF931009AB887 /* iOSTest.app */ = {isa = PBXFileReference; explicitFileType = wrapper.application; includeInIndex = 0; path = iOSTest.app; sourceTree = BUILT_PRODUCTS_DIR; };
		CD9F5D93273EF931009AB887 /* AppDelegate.swift */ = {isa = PBXFileReference; lastKnownFileType = sourcecode.swift; path = AppDelegate.swift; sourceTree = "<group>"; };
		CD9F5D95273EF931009AB887 /* SceneDelegate.swift */ = {isa = PBXFileReference; lastKnownFileType = sourcecode.swift; path = SceneDelegate.swift; sourceTree = "<group>"; };
		CD9F5D97273EF931009AB887 /* ViewController.swift */ = {isa = PBXFileReference; lastKnownFileType = sourcecode.swift; path = ViewController.swift; sourceTree = "<group>"; };
		CD9F5D9A273EF931009AB887 /* Base */ = {isa = PBXFileReference; lastKnownFileType = file.storyboard; name = Base; path = Base.lproj/Main.storyboard; sourceTree = "<group>"; };
		CD9F5D9D273EF931009AB887 /* iOSTest.xcdatamodel */ = {isa = PBXFileReference; lastKnownFileType = wrapper.xcdatamodel; path = iOSTest.xcdatamodel; sourceTree = "<group>"; };
		CD9F5D9F273EF932009AB887 /* Assets.xcassets */ = {isa = PBXFileReference; lastKnownFileType = folder.assetcatalog; path = Assets.xcassets; sourceTree = "<group>"; };
		CD9F5DA2273EF932009AB887 /* Base */ = {isa = PBXFileReference; lastKnownFileType = file.storyboard; name = Base; path = Base.lproj/LaunchScreen.storyboard; sourceTree = "<group>"; };
		CD9F5DA4273EF932009AB887 /* Info.plist */ = {isa = PBXFileReference; lastKnownFileType = text.plist.xml; path = Info.plist; sourceTree = "<group>"; };
		CD9F5DA9273EF932009AB887 /* iOSTestTests.xctest */ = {isa = PBXFileReference; explicitFileType = wrapper.cfbundle; includeInIndex = 0; path = iOSTestTests.xctest; sourceTree = BUILT_PRODUCTS_DIR; };
		CD9F5DAD273EF932009AB887 /* iOSTestTests.swift */ = {isa = PBXFileReference; lastKnownFileType = sourcecode.swift; path = iOSTestTests.swift; sourceTree = "<group>"; };
		CD9F5DB3273EF932009AB887 /* iOSTestUITests.xctest */ = {isa = PBXFileReference; explicitFileType = wrapper.cfbundle; includeInIndex = 0; path = iOSTestUITests.xctest; sourceTree = BUILT_PRODUCTS_DIR; };
		CD9F5DB7273EF932009AB887 /* iOSTestUITests.swift */ = {isa = PBXFileReference; lastKnownFileType = sourcecode.swift; path = iOSTestUITests.swift; sourceTree = "<group>"; };
		CD9F5DB9273EF932009AB887 /* iOSTestUITestsLaunchTests.swift */ = {isa = PBXFileReference; lastKnownFileType = sourcecode.swift; path = iOSTestUITestsLaunchTests.swift; sourceTree = "<group>"; };
/* End PBXFileReference section */

/* Begin PBXFrameworksBuildPhase section */
		CD9F5D8D273EF931009AB887 /* Frameworks */ = {
			isa = PBXFrameworksBuildPhase;
			buildActionMask = 2147483647;
			files = (
			);
			runOnlyForDeploymentPostprocessing = 0;
		};
		CD9F5DA6273EF932009AB887 /* Frameworks */ = {
			isa = PBXFrameworksBuildPhase;
			buildActionMask = 2147483647;
			files = (
			);
			runOnlyForDeploymentPostprocessing = 0;
		};
		CD9F5DB0273EF932009AB887 /* Frameworks */ = {
			isa = PBXFrameworksBuildPhase;
			buildActionMask = 2147483647;
			files = (
			);
			runOnlyForDeploymentPostprocessing = 0;
		};
/* End PBXFrameworksBuildPhase section */

/* Begin PBXGroup section */
		CD9F5D87273EF931009AB887 = {
			isa = PBXGroup;
			children = (
				CD9F5D92273EF931009AB887 /* iOSTest */,
				CD9F5DAC273EF932009AB887 /* iOSTestTests */,
				CD9F5DB6273EF932009AB887 /* iOSTestUITests */,
				CD9F5D91273EF931009AB887 /* Products */,
			);
			sourceTree = "<group>";
		};
		CD9F5D91273EF931009AB887 /* Products */ = {
			isa = PBXGroup;
			children = (
				CD9F5D90273EF931009AB887 /* iOSTest.app */,
				CD9F5DA9273EF932009AB887 /* iOSTestTests.xctest */,
				CD9F5DB3273EF932009AB887 /* iOSTestUITests.xctest */,
			);
			name = Products;
			sourceTree = "<group>";
		};
		CD9F5D92273EF931009AB887 /* iOSTest */ = {
			isa = PBXGroup;
			children = (
				CD9F5D93273EF931009AB887 /* AppDelegate.swift */,
				CD9F5D95273EF931009AB887 /* SceneDelegate.swift */,
				CD9F5D97273EF931009AB887 /* ViewController.swift */,
				CD9F5D99273EF931009AB887 /* Main.storyboard */,
				CD9F5D9F273EF932009AB887 /* Assets.xcassets */,
				CD9F5DA1273EF932009AB887 /* LaunchScreen.storyboard */,
				CD9F5DA4273EF932009AB887 /* Info.plist */,
				CD9F5D9C273EF931009AB887 /* iOSTest.xcdatamodeld */,
			);
			path = iOSTest;
			sourceTree = "<group>";
		};
		CD9F5DAC273EF932009AB887 /* iOSTestTests */ = {
			isa = PBXGroup;
			children = (
				CD9F5DAD273EF932009AB887 /* iOSTestTests.swift */,
			);
			path = iOSTestTests;
			sourceTree = "<group>";
		};
		CD9F5DB6273EF932009AB887 /* iOSTestUITests */ = {
			isa = PBXGroup;
			children = (
				CD9F5DB7273EF932009AB887 /* iOSTestUITests.swift */,
				CD9F5DB9273EF932009AB887 /* iOSTestUITestsLaunchTests.swift */,
			);
			path = iOSTestUITests;
			sourceTree = "<group>";
		};
/* End PBXGroup section */

/* Begin PBXNativeTarget section */
		CD9F5D8F273EF931009AB887 /* iOSTest */ = {
			isa = PBXNativeTarget;
			buildConfigurationList = CD9F5DBD273EF932009AB887 /* Build configuration list for PBXNativeTarget "iOSTest" */;
			buildPhases = (
				CD9F5D8C273EF931009AB887 /* Sources */,
				CD9F5D8D273EF931009AB887 /* Frameworks */,
				CD9F5D8E273EF931009AB887 /* Resources */,
			);
			buildRules = (
			);
			dependencies = (
			);
			name = iOSTest;
			productName = iOSTest;
			productReference = CD9F5D90273EF931009AB887 /* iOSTest.app */;
			productType = "com.apple.product-type.application";
		};
		CD9F5DA8273EF932009AB887 /* iOSTestTests */ = {
			isa = PBXNativeTarget;
			buildConfigurationList = CD9F5DC0273EF932009AB887 /* Build configuration list for PBXNativeTarget "iOSTestTests" */;
			buildPhases = (
				CD9F5DA5273EF932009AB887 /* Sources */,
				CD9F5DA6273EF932009AB887 /* Frameworks */,
				CD9F5DA7273EF932009AB887 /* Resources */,
			);
			buildRules = (
			);
			dependencies = (
				CD9F5DAB273EF932009AB887 /* PBXTargetDependency */,
			);
			name = iOSTestTests;
			productName = iOSTestTests;
			productReference = CD9F5DA9273EF932009AB887 /* iOSTestTests.xctest */;
			productType = "com.apple.product-type.bundle.unit-test";
		};
		CD9F5DB2273EF932009AB887 /* iOSTestUITests */ = {
			isa = PBXNativeTarget;
			buildConfigurationList = CD9F5DC3273EF932009AB887 /* Build configuration list for PBXNativeTarget "iOSTestUITests" */;
			buildPhases = (
				CD9F5DAF273EF932009AB887 /* Sources */,
				CD9F5DB0273EF932009AB887 /* Frameworks */,
				CD9F5DB1273EF932009AB887 /* Resources */,
			);
			buildRules = (
			);
			dependencies = (
				CD9F5DB5273EF932009AB887 /* PBXTargetDependency */,
			);
			name = iOSTestUITests;
			productName = iOSTestUITests;
			productReference = CD9F5DB3273EF932009AB887 /* iOSTestUITests.xctest */;
			productType = "com.apple.product-type.bundle.ui-testing";
		};
/* End PBXNativeTarget section */

/* Begin PBXProject section */
		CD9F5D88273EF931009AB887 /* Project object */ = {
			isa = PBXProject;
			attributes = {
				BuildIndependentTargetsInParallel = 1;
				LastSwiftUpdateCheck = 1310;
				LastUpgradeCheck = 1310;
				TargetAttributes = {
					CD9F5D8F273EF931009AB887 = {
						CreatedOnToolsVersion = 13.1;
					};
					CD9F5DA8273EF932009AB887 = {
						CreatedOnToolsVersion = 13.1;
						TestTargetID = CD9F5D8F273EF931009AB887;
					};
					CD9F5DB2273EF932009AB887 = {
						CreatedOnToolsVersion = 13.1;
						TestTargetID = CD9F5D8F273EF931009AB887;
					};
				};
			};
			buildConfigurationList = CD9F5D8B273EF931009AB887 /* Build configuration list for PBXProject "iOSTest" */;
			compatibilityVersion = "Xcode 13.0";
			developmentRegion = en;
			hasScannedForEncodings = 0;
			knownRegions = (
				en,
				Base,
			);
			mainGroup = CD9F5D87273EF931009AB887;
			productRefGroup = CD9F5D91273EF931009AB887 /* Products */;
			projectDirPath = "";
			projectRoot = "";
			targets = (
				CD9F5D8F273EF931009AB887 /* iOSTest */,
				CD9F5DA8273EF932009AB887 /* iOSTestTests */,
				CD9F5DB2273EF932009AB887 /* iOSTestUITests */,
			);
		};
/* End PBXProject section */

/* Begin PBXResourcesBuildPhase section */
		CD9F5D8E273EF931009AB887 /* Resources */ = {
			isa = PBXResourcesBuildPhase;
			buildActionMask = 2147483647;
			files = (
				CD9F5DA3273EF932009AB887 /* LaunchScreen.storyboard in Resources */,
				CD9F5DA0273EF932009AB887 /* Assets.xcassets in Resources */,
				CD9F5D9B273EF931009AB887 /* Main.storyboard in Resources */,
			);
			runOnlyForDeploymentPostprocessing = 0;
		};
		CD9F5DA7273EF932009AB887 /* Resources */ = {
			isa = PBXResourcesBuildPhase;
			buildActionMask = 2147483647;
			files = (
			);
			runOnlyForDeploymentPostprocessing = 0;
		};
		CD9F5DB1273EF932009AB887 /* Resources */ = {
			isa = PBXResourcesBuildPhase;
			buildActionMask = 2147483647;
			files = (
			);
			runOnlyForDeploymentPostprocessing = 0;
		};
/* End PBXResourcesBuildPhase section */

/* Begin PBXSourcesBuildPhase section */
		CD9F5D8C273EF931009AB887 /* Sources */ = {
			isa = PBXSourcesBuildPhase;
			buildActionMask = 2147483647;
			files = (
				CD9F5D98273EF931009AB887 /* ViewController.swift in Sources */,
				CD9F5D94273EF931009AB887 /* AppDelegate.swift in Sources */,
				CD9F5D96273EF931009AB887 /* SceneDelegate.swift in Sources */,
				CD9F5D9E273EF931009AB887 /* iOSTest.xcdatamodeld in Sources */,
			);
			runOnlyForDeploymentPostprocessing = 0;
		};
		CD9F5DA5273EF932009AB887 /* Sources */ = {
			isa = PBXSourcesBuildPhase;
			buildActionMask = 2147483647;
			files = (
				CD9F5DAE273EF932009AB887 /* iOSTestTests.swift in Sources */,
			);
			runOnlyForDeploymentPostprocessing = 0;
		};
		CD9F5DAF273EF932009AB887 /* Sources */ = {
			isa = PBXSourcesBuildPhase;
			buildActionMask = 2147483647;
			files = (
				CD9F5DBA273EF932009AB887 /* iOSTestUITestsLaunchTests.swift in Sources */,
				CD9F5DB8273EF932009AB887 /* iOSTestUITests.swift in Sources */,
			);
			runOnlyForDeploymentPostprocessing = 0;
		};
/* End PBXSourcesBuildPhase section */

/* Begin PBXTargetDependency section */
		CD9F5DAB273EF932009AB887 /* PBXTargetDependency */ = {
			isa = PBXTargetDependency;
			target = CD9F5D8F273EF931009AB887 /* iOSTest */;
			targetProxy = CD9F5DAA273EF932009AB887 /* PBXContainerItemProxy */;
		};
		CD9F5DB5273EF932009AB887 /* PBXTargetDependency */ = {
			isa = PBXTargetDependency;
			target = CD9F5D8F273EF931009AB887 /* iOSTest */;
			targetProxy = CD9F5DB4273EF932009AB887 /* PBXContainerItemProxy */;
		};
/* End PBXTargetDependency section */

/* Begin PBXVariantGroup section */
		CD9F5D99273EF931009AB887 /* Main.storyboard */ = {
			isa = PBXVariantGroup;
			children = (
				CD9F5D9A273EF931009AB887 /* Base */,
			);
			name = Main.storyboard;
			sourceTree = "<group>";
		};
		CD9F5DA1273EF932009AB887 /* LaunchScreen.storyboard */ = {
			isa = PBXVariantGroup;
			children = (
				CD9F5DA2273EF932009AB887 /* Base */,
			);
			name = LaunchScreen.storyboard;
			sourceTree = "<group>";
		};
/* End PBXVariantGroup section */

/* Begin XCBuildConfiguration section */
		CD9F5DBB273EF932009AB887 /* Debug */ = {
			isa = XCBuildConfiguration;
			buildSettings = {
				ALWAYS_SEARCH_USER_PATHS = NO;
				CLANG_ANALYZER_NONNULL = YES;
				CLANG_ANALYZER_NUMBER_OBJECT_CONVERSION = YES_AGGRESSIVE;
				CLANG_CXX_LANGUAGE_STANDARD = "gnu++17";
				CLANG_CXX_LIBRARY = "libc++";
				CLANG_ENABLE_MODULES = YES;
				CLANG_ENABLE_OBJC_ARC = YES;
				CLANG_ENABLE_OBJC_WEAK = YES;
				CLANG_WARN_BLOCK_CAPTURE_AUTORELEASING = YES;
				CLANG_WARN_BOOL_CONVERSION = YES;
				CLANG_WARN_COMMA = YES;
				CLANG_WARN_CONSTANT_CONVERSION = YES;
				CLANG_WARN_DEPRECATED_OBJC_IMPLEMENTATIONS = YES;
				CLANG_WARN_DIRECT_OBJC_ISA_USAGE = YES_ERROR;
				CLANG_WARN_DOCUMENTATION_COMMENTS = YES;
				CLANG_WARN_EMPTY_BODY = YES;
				CLANG_WARN_ENUM_CONVERSION = YES;
				CLANG_WARN_INFINITE_RECURSION = YES;
				CLANG_WARN_INT_CONVERSION = YES;
				CLANG_WARN_NON_LITERAL_NULL_CONVERSION = YES;
				CLANG_WARN_OBJC_IMPLICIT_RETAIN_SELF = YES;
				CLANG_WARN_OBJC_LITERAL_CONVERSION = YES;
				CLANG_WARN_OBJC_ROOT_CLASS = YES_ERROR;
				CLANG_WARN_QUOTED_INCLUDE_IN_FRAMEWORK_HEADER = YES;
				CLANG_WARN_RANGE_LOOP_ANALYSIS = YES;
				CLANG_WARN_STRICT_PROTOTYPES = YES;
				CLANG_WARN_SUSPICIOUS_MOVE = YES;
				CLANG_WARN_UNGUARDED_AVAILABILITY = YES_AGGRESSIVE;
				CLANG_WARN_UNREACHABLE_CODE = YES;
				CLANG_WARN__DUPLICATE_METHOD_MATCH = YES;
				COPY_PHASE_STRIP = NO;
				DEBUG_INFORMATION_FORMAT = dwarf;
				ENABLE_STRICT_OBJC_MSGSEND = YES;
				ENABLE_TESTABILITY = YES;
				GCC_C_LANGUAGE_STANDARD = gnu11;
				GCC_DYNAMIC_NO_PIC = NO;
				GCC_NO_COMMON_BLOCKS = YES;
				GCC_OPTIMIZATION_LEVEL = 0;
				GCC_PREPROCESSOR_DEFINITIONS = (
					"DEBUG=1",
					"$(inherited)",
				);
				GCC_WARN_64_TO_32_BIT_CONVERSION = YES;
				GCC_WARN_ABOUT_RETURN_TYPE = YES_ERROR;
				GCC_WARN_UNDECLARED_SELECTOR = YES;
				GCC_WARN_UNINITIALIZED_AUTOS = YES_AGGRESSIVE;
				GCC_WARN_UNUSED_FUNCTION = YES;
				GCC_WARN_UNUSED_VARIABLE = YES;
				IPHONEOS_DEPLOYMENT_TARGET = 15.0;
				MTL_ENABLE_DEBUG_INFO = INCLUDE_SOURCE;
				MTL_FAST_MATH = YES;
				ONLY_ACTIVE_ARCH = YES;
				SDKROOT = iphoneos;
				SWIFT_ACTIVE_COMPILATION_CONDITIONS = DEBUG;
				SWIFT_OPTIMIZATION_LEVEL = "-Onone";
			};
			name = Debug;
		};
		CD9F5DBC273EF932009AB887 /* Release */ = {
			isa = XCBuildConfiguration;
			buildSettings = {
				ALWAYS_SEARCH_USER_PATHS = NO;
				CLANG_ANALYZER_NONNULL = YES;
				CLANG_ANALYZER_NUMBER_OBJECT_CONVERSION = YES_AGGRESSIVE;
				CLANG_CXX_LANGUAGE_STANDARD = "gnu++17";
				CLANG_CXX_LIBRARY = "libc++";
				CLANG_ENABLE_MODULES = YES;
				CLANG_ENABLE_OBJC_ARC = YES;
				CLANG_ENABLE_OBJC_WEAK = YES;
				CLANG_WARN_BLOCK_CAPTURE_AUTORELEASING = YES;
				CLANG_WARN_BOOL_CONVERSION = YES;
				CLANG_WARN_COMMA = YES;
				CLANG_WARN_CONSTANT_CONVERSION = YES;
				CLANG_WARN_DEPRECATED_OBJC_IMPLEMENTATIONS = YES;
				CLANG_WARN_DIRECT_OBJC_ISA_USAGE = YES_ERROR;
				CLANG_WARN_DOCUMENTATION_COMMENTS = YES;
				CLANG_WARN_EMPTY_BODY = YES;
				CLANG_WARN_ENUM_CONVERSION = YES;
				CLANG_WARN_INFINITE_RECURSION = YES;
				CLANG_WARN_INT_CONVERSION = YES;
				CLANG_WARN_NON_LITERAL_NULL_CONVERSION = YES;
				CLANG_WARN_OBJC_IMPLICIT_RETAIN_SELF = YES;
				CLANG_WARN_OBJC_LITERAL_CONVERSION = YES;
				CLANG_WARN_OBJC_ROOT_CLASS = YES_ERROR;
				CLANG_WARN_QUOTED_INCLUDE_IN_FRAMEWORK_HEADER = YES;
				CLANG_WARN_RANGE_LOOP_ANALYSIS = YES;
				CLANG_WARN_STRICT_PROTOTYPES = YES;
				CLANG_WARN_SUSPICIOUS_MOVE = YES;
				CLANG_WARN_UNGUARDED_AVAILABILITY = YES_AGGRESSIVE;
				CLANG_WARN_UNREACHABLE_CODE = YES;
				CLANG_WARN__DUPLICATE_METHOD_MATCH = YES;
				COPY_PHASE_STRIP = NO;
				DEBUG_INFORMATION_FORMAT = "dwarf-with-dsym";
				ENABLE_NS_ASSERTIONS = NO;
				ENABLE_STRICT_OBJC_MSGSEND = YES;
				GCC_C_LANGUAGE_STANDARD = gnu11;
				GCC_NO_COMMON_BLOCKS = YES;
				GCC_WARN_64_TO_32_BIT_CONVERSION = YES;
				GCC_WARN_ABOUT_RETURN_TYPE = YES_ERROR;
				GCC_WARN_UNDECLARED_SELECTOR = YES;
				GCC_WARN_UNINITIALIZED_AUTOS = YES_AGGRESSIVE;
				GCC_WARN_UNUSED_FUNCTION = YES;
				GCC_WARN_UNUSED_VARIABLE = YES;
				IPHONEOS_DEPLOYMENT_TARGET = 15.0;
				MTL_ENABLE_DEBUG_INFO = NO;
				MTL_FAST_MATH = YES;
				SDKROOT = iphoneos;
				SWIFT_COMPILATION_MODE = wholemodule;
				SWIFT_OPTIMIZATION_LEVEL = "-O";
				VALIDATE_PRODUCT = YES;
			};
			name = Release;
		};
		CD9F5DBE273EF932009AB887 /* Debug */ = {
			isa = XCBuildConfiguration;
			buildSettings = {
				ASSETCATALOG_COMPILER_APPICON_NAME = AppIcon;
				ASSETCATALOG_COMPILER_GLOBAL_ACCENT_COLOR_NAME = AccentColor;
				CODE_SIGN_STYLE = Automatic;
				CURRENT_PROJECT_VERSION = 1;
				GENERATE_INFOPLIST_FILE = YES;
				INFOPLIST_FILE = iOSTest/Info.plist;
				INFOPLIST_KEY_UIApplicationSupportsIndirectInputEvents = YES;
				INFOPLIST_KEY_UILaunchStoryboardName = LaunchScreen;
				INFOPLIST_KEY_UIMainStoryboardFile = Main;
				INFOPLIST_KEY_UISupportedInterfaceOrientations_iPad = "UIInterfaceOrientationPortrait UIInterfaceOrientationPortraitUpsideDown UIInterfaceOrientationLandscapeLeft UIInterfaceOrientationLandscapeRight";
				INFOPLIST_KEY_UISupportedInterfaceOrientations_iPhone = "UIInterfaceOrientationPortrait UIInterfaceOrientationLandscapeLeft UIInterfaceOrientationLandscapeRight";
				LD_RUNPATH_SEARCH_PATHS = (
					"$(inherited)",
					"@executable_path/Frameworks",
				);
				MARKETING_VERSION = 1.0;
				PRODUCT_BUNDLE_IDENTIFIER = com.test.iOSTest;
				PRODUCT_NAME = "$(TARGET_NAME)";
				SWIFT_EMIT_LOC_STRINGS = YES;
				SWIFT_VERSION = 5.0;
				TARGETED_DEVICE_FAMILY = "1,2";
			};
			name = Debug;
		};
		CD9F5DBF273EF932009AB887 /* Release */ = {
			isa = XCBuildConfiguration;
			buildSettings = {
				ASSETCATALOG_COMPILER_APPICON_NAME = AppIcon;
				ASSETCATALOG_COMPILER_GLOBAL_ACCENT_COLOR_NAME = AccentColor;
				CODE_SIGN_STYLE = Automatic;
				CURRENT_PROJECT_VERSION = 1;
				GENERATE_INFOPLIST_FILE = YES;
				INFOPLIST_FILE = iOSTest/Info.plist;
				INFOPLIST_KEY_UIApplicationSupportsIndirectInputEvents = YES;
				INFOPLIST_KEY_UILaunchStoryboardName = LaunchScreen;
				INFOPLIST_KEY_UIMainStoryboardFile = Main;
				INFOPLIST_KEY_UISupportedInterfaceOrientations_iPad = "UIInterfaceOrientationPortrait UIInterfaceOrientationPortraitUpsideDown UIInterfaceOrientationLandscapeLeft UIInterfaceOrientationLandscapeRight";
				INFOPLIST_KEY_UISupportedInterfaceOrientations_iPhone = "UIInterfaceOrientationPortrait UIInterfaceOrientationLandscapeLeft UIInterfaceOrientationLandscapeRight";
				LD_RUNPATH_SEARCH_PATHS = (
					"$(inherited)",
					"@executable_path/Frameworks",
				);
				MARKETING_VERSION = 1.0;
				PRODUCT_BUNDLE_IDENTIFIER = com.test.iOSTest;
				PRODUCT_NAME = "$(TARGET_NAME)";
				SWIFT_EMIT_LOC_STRINGS = YES;
				SWIFT_VERSION = 5.0;
				TARGETED_DEVICE_FAMILY = "1,2";
			};
			name = Release;
		};
		CD9F5DC1273EF932009AB887 /* Debug */ = {
			isa = XCBuildConfiguration;
			buildSettings = {
				ALWAYS_EMBED_SWIFT_STANDARD_LIBRARIES = YES;
				BUNDLE_LOADER = "$(TEST_HOST)";
				CODE_SIGN_STYLE = Automatic;
				CURRENT_PROJECT_VERSION = 1;
				GENERATE_INFOPLIST_FILE = YES;
				IPHONEOS_DEPLOYMENT_TARGET = 15.0;
				LD_RUNPATH_SEARCH_PATHS = (
					"$(inherited)",
					"@executable_path/Frameworks",
					"@loader_path/Frameworks",
				);
				MARKETING_VERSION = 1.0;
				PRODUCT_BUNDLE_IDENTIFIER = com.test.iOSTestTests;
				PRODUCT_NAME = "$(TARGET_NAME)";
				SWIFT_EMIT_LOC_STRINGS = NO;
				SWIFT_VERSION = 5.0;
				TARGETED_DEVICE_FAMILY = "1,2";
				TEST_HOST = "$(BUILT_PRODUCTS_DIR)/iOSTest.app/iOSTest";
			};
			name = Debug;
		};
		CD9F5DC2273EF932009AB887 /* Release */ = {
			isa = XCBuildConfiguration;
			buildSettings = {
				ALWAYS_EMBED_SWIFT_STANDARD_LIBRARIES = YES;
				BUNDLE_LOADER = "$(TEST_HOST)";
				CODE_SIGN_STYLE = Automatic;
				CURRENT_PROJECT_VERSION = 1;
				GENERATE_INFOPLIST_FILE = YES;
				IPHONEOS_DEPLOYMENT_TARGET = 15.0;
				LD_RUNPATH_SEARCH_PATHS = (
					"$(inherited)",
					"@executable_path/Frameworks",
					"@loader_path/Frameworks",
				);
				MARKETING_VERSION = 1.0;
				PRODUCT_BUNDLE_IDENTIFIER = com.test.iOSTestTests;
				PRODUCT_NAME = "$(TARGET_NAME)";
				SWIFT_EMIT_LOC_STRINGS = NO;
				SWIFT_VERSION = 5.0;
				TARGETED_DEVICE_FAMILY = "1,2";
				TEST_HOST = "$(BUILT_PRODUCTS_DIR)/iOSTest.app/iOSTest";
			};
			name = Release;
		};
		CD9F5DC4273EF932009AB887 /* Debug */ = {
			isa = XCBuildConfiguration;
			buildSettings = {
				ALWAYS_EMBED_SWIFT_STANDARD_LIBRARIES = YES;
				CODE_SIGN_STYLE = Automatic;
				CURRENT_PROJECT_VERSION = 1;
				GENERATE_INFOPLIST_FILE = YES;
				LD_RUNPATH_SEARCH_PATHS = (
					"$(inherited)",
					"@executable_path/Frameworks",
					"@loader_path/Frameworks",
				);
				MARKETING_VERSION = 1.0;
				PRODUCT_BUNDLE_IDENTIFIER = com.test.iOSTestUITests;
				PRODUCT_NAME = "$(TARGET_NAME)";
				SWIFT_EMIT_LOC_STRINGS = NO;
				SWIFT_VERSION = 5.0;
				TARGETED_DEVICE_FAMILY = "1,2";
				TEST_TARGET_NAME = iOSTest;
			};
			name = Debug;
		};
		CD9F5DC5273EF932009AB887 /* Release */ = {
			isa = XCBuildConfiguration;
			buildSettings = {
				ALWAYS_EMBED_SWIFT_STANDARD_LIBRARIES = YES;
				CODE_SIGN_STYLE = Automatic;
				CURRENT_PROJECT_VERSION = 1;
				GENERATE_INFOPLIST_FILE = YES;
				LD_RUNPATH_SEARCH_PATHS = (
					"$(inherited)",
					"@executable_path/Frameworks",
					"@loader_path/Frameworks",
				);
				MARKETING_VERSION = 1.0;
				PRODUCT_BUNDLE_IDENTIFIER = com.test.iOSTestUITests;
				PRODUCT_NAME = "$(TARGET_NAME)";
				SWIFT_EMIT_LOC_STRINGS = NO;
				SWIFT_VERSION = 5.0;
				TARGETED_DEVICE_FAMILY = "1,2";
				TEST_TARGET_NAME = iOSTest;
			};
			name = Release;
		};
/* End XCBuildConfiguration section */

/* Begin XCConfigurationList section */
		CD9F5D8B273EF931009AB887 /* Build configuration list for PBXProject "iOSTest" */ = {
			isa = XCConfigurationList;
			buildConfigurations = (
				CD9F5DBB273EF932009AB887 /* Debug */,
				CD9F5DBC273EF932009AB887 /* Release */,
			);
			defaultConfigurationIsVisible = 0;
			defaultConfigurationName = Release;
		};
		CD9F5DBD273EF932009AB887 /* Build configuration list for PBXNativeTarget "iOSTest" */ = {
			isa = XCConfigurationList;
			buildConfigurations = (
				CD9F5DBE273EF932009AB887 /* Debug */,
				CD9F5DBF273EF932009AB887 /* Release */,
			);
			defaultConfigurationIsVisible = 0;
			defaultConfigurationName = Release;
		};
		CD9F5DC0273EF932009AB887 /* Build configuration list for PBXNativeTarget "iOSTestTests" */ = {
			isa = XCConfigurationList;
			buildConfigurations = (
				CD9F5DC1273EF932009AB887 /* Debug */,
				CD9F5DC2273EF932009AB887 /* Release */,
			);
			defaultConfigurationIsVisible = 0;
			defaultConfigurationName = Release;
		};
		CD9F5DC3273EF932009AB887 /* Build configuration list for PBXNativeTarget "iOSTestUITests" */ = {
			isa = XCConfigurationList;
			buildConfigurations = (
				CD9F5DC4273EF932009AB887 /* Debug */,
				CD9F5DC5273EF932009AB887 /* Release */,
			);
			defaultConfigurationIsVisible = 0;
			defaultConfigurationName = Release;
		};
/* End XCConfigurationList section */

/* Begin XCVersionGroup section */
		CD9F5D9C273EF931009AB887 /* iOSTest.xcdatamodeld */ = {
			isa = XCVersionGroup;
			children = (
				CD9F5D9D273EF931009AB887 /* iOSTest.xcdatamodel */,
			);
			currentVersion = CD9F5D9D273EF931009AB887 /* iOSTest.xcdatamodel */;
			path = iOSTest.xcdatamodeld;
			sourceTree = "<group>";
			versionGroupType = wrapper.xcdatamodel;
		};
/* End XCVersionGroup section */
	};
	rootObject = CD9F5D88273EF931009AB887 /* Project object */;
}
