// !$*UTF8*$!
{
	archiveVersion = 1;
	classes = {
	};
	objectVersion = 55;
	objects = {

/* Begin PBXBuildFile section */
		CD9F5D94273EF931009AB887 /* AppDelegate.swift in Sources */ = {isa = PBXBuildFile; fileRef = CD9F5D93273EF931009AB887 /* AppDelegate.swift */; };
		CD9F5D96273EF931009AB887 /* SceneDelegate.swift in Sources */ = {isa = PBXBuildFile; fileRef = CD9F5D95273EF931009AB887 /* SceneDelegate.swift */; };
		CD9F5D98273EF931009AB887 /* ViewController.swift in Sources */ = {isa = PBXBuildFile; fileRef = CD9F5D97273EF931009AB887 /* ViewController.swift */; };
		CD9F5D9B273EF931009AB887 /* Main.storyboard in Resources */ = {isa = PBXBuildFile; fileRef = CD9F5D99273EF931009AB887 /* Main.storyboard */; };
		CD9F5D9E273EF931009AB887 /* iOSTest.xcdatamodeld in Sources */ = {isa = PBXBuildFile; fileRef = CD9F5D9C273EF931009AB887 /* iOSTest.xcdatamodeld */; };
		CD9F5DA0273EF932009AB887 /* Assets.xcassets in Resources */ = {isa = PBXBuildFile; fileRef = CD9F5D9F273EF932009AB887 /* Assets.xcassets */; };
		CD9F5DA3273EF932009AB887 /* LaunchScreen.storyboard in Resources */ = {isa = PBXBuildFile; fileRef = CD9F5DA1273EF932009AB887 /* LaunchScreen.storyboard */; };
		CD9F5DB8273EF932009AB887 /* iOSTestUITests.swift in Sources */ = {isa = PBXBuildFile; fileRef = CD9F5DB7273EF932009AB887 /* iOSTestUITests.swift */; };
		CD9F5DBA273EF932009AB887 /* iOSTestUITestsLaunchTests.swift in Sources */ = {isa = PBXBuildFile; fileRef = CD9F5DB9273EF932009AB887 /* iOSTestUITestsLaunchTests.swift */; };
		CD9F5DCF273EFB1C009AB887 /* Alamofire in Frameworks */ = {isa = PBXBuildFile; productRef = CD9F5DCE273EFB1C009AB887 /* Alamofire */; };
		CD9F5DD5273F2B82009AB887 /* HTTPClientTests.swift in Sources */ = {isa = PBXBuildFile; fileRef = CD9F5DD4273F2B82009AB887 /* HTTPClientTests.swift */; };
		CD9F5DDC273F2DBE009AB887 /* LoggerProtocol.swift in Sources */ = {isa = PBXBuildFile; fileRef = CD9F5DDA273F2DBE009AB887 /* LoggerProtocol.swift */; };
		CD9F5DDD273F2DBE009AB887 /* BasicLogger.swift in Sources */ = {isa = PBXBuildFile; fileRef = CD9F5DDB273F2DBE009AB887 /* BasicLogger.swift */; };
		CD9F5DE6273F2E55009AB887 /* HTTPClientProtocol.swift in Sources */ = {isa = PBXBuildFile; fileRef = CD9F5DE3273F2E55009AB887 /* HTTPClientProtocol.swift */; };
		CD9F5DE7273F2E55009AB887 /* HTTPClientUtil.swift in Sources */ = {isa = PBXBuildFile; fileRef = CD9F5DE4273F2E55009AB887 /* HTTPClientUtil.swift */; };
		CD9F5DE8273F2E55009AB887 /* HTTPClient.swift in Sources */ = {isa = PBXBuildFile; fileRef = CD9F5DE5273F2E55009AB887 /* HTTPClient.swift */; };
		CD9F5DED273F2E6C009AB887 /* FailedResponse.swift in Sources */ = {isa = PBXBuildFile; fileRef = CD9F5DE9273F2E6C009AB887 /* FailedResponse.swift */; };
		CD9F5DEE273F2E6C009AB887 /* SuccessfulResponse.swift in Sources */ = {isa = PBXBuildFile; fileRef = CD9F5DEA273F2E6C009AB887 /* SuccessfulResponse.swift */; };
		CD9F5DEF273F2E6C009AB887 /* StatusCode.swift in Sources */ = {isa = PBXBuildFile; fileRef = CD9F5DEB273F2E6C009AB887 /* StatusCode.swift */; };
		CD9F5DF0273F2E6C009AB887 /* ResponseProtocol.swift in Sources */ = {isa = PBXBuildFile; fileRef = CD9F5DEC273F2E6C009AB887 /* ResponseProtocol.swift */; };
		CD9F5DF5273F2E8B009AB887 /* HTTPHeader.swift in Sources */ = {isa = PBXBuildFile; fileRef = CD9F5DF1273F2E8B009AB887 /* HTTPHeader.swift */; };
		CD9F5DF6273F2E8B009AB887 /* HTTPServiceProtocol.swift in Sources */ = {isa = PBXBuildFile; fileRef = CD9F5DF2273F2E8B009AB887 /* HTTPServiceProtocol.swift */; };
		CD9F5DF7273F2E8B009AB887 /* HTTPMethod.swift in Sources */ = {isa = PBXBuildFile; fileRef = CD9F5DF3273F2E8B009AB887 /* HTTPMethod.swift */; };
		CD9F5DF8273F2E8B009AB887 /* AlamofireHTTPService.swift in Sources */ = {isa = PBXBuildFile; fileRef = CD9F5DF4273F2E8B009AB887 /* AlamofireHTTPService.swift */; };
		CD9F5DFC273F2EA8009AB887 /* String+Extensions.swift in Sources */ = {isa = PBXBuildFile; fileRef = CD9F5DF9273F2EA8009AB887 /* String+Extensions.swift */; };
		CD9F5DFD273F2EA8009AB887 /* Array+Extensions.swift in Sources */ = {isa = PBXBuildFile; fileRef = CD9F5DFA273F2EA8009AB887 /* Array+Extensions.swift */; };
		CD9F5DFE273F2EA8009AB887 /* Data+Extensions.swift in Sources */ = {isa = PBXBuildFile; fileRef = CD9F5DFB273F2EA8009AB887 /* Data+Extensions.swift */; };
		CD9F5E07273F3E02009AB887 /* RemoteDataManagerSettings.swift in Sources */ = {isa = PBXBuildFile; fileRef = CD9F5E06273F3E02009AB887 /* RemoteDataManagerSettings.swift */; };
		CD9F5E09273F3F0E009AB887 /* HomeRemoteDataManagerTests.swift in Sources */ = {isa = PBXBuildFile; fileRef = CD9F5E08273F3F0E009AB887 /* HomeRemoteDataManagerTests.swift */; };
		CD9F5E0C273F3F56009AB887 /* Movie.swift in Sources */ = {isa = PBXBuildFile; fileRef = CD9F5E0B273F3F56009AB887 /* Movie.swift */; };
		CD9F5E16273F5896009AB887 /* HomePresenter.swift in Sources */ = {isa = PBXBuildFile; fileRef = CD9F5E0F273F5896009AB887 /* HomePresenter.swift */; };
		CD9F5E17273F5896009AB887 /* HomeLocalDataManager.swift in Sources */ = {isa = PBXBuildFile; fileRef = CD9F5E10273F5896009AB887 /* HomeLocalDataManager.swift */; };
		CD9F5E18273F5896009AB887 /* HomeRouter.swift in Sources */ = {isa = PBXBuildFile; fileRef = CD9F5E11273F5896009AB887 /* HomeRouter.swift */; };
		CD9F5E19273F5896009AB887 /* HomeProtocols.swift in Sources */ = {isa = PBXBuildFile; fileRef = CD9F5E12273F5896009AB887 /* HomeProtocols.swift */; };
		CD9F5E1A273F5896009AB887 /* HomeInteractor.swift in Sources */ = {isa = PBXBuildFile; fileRef = CD9F5E13273F5896009AB887 /* HomeInteractor.swift */; };
		CD9F5E1B273F5896009AB887 /* HomeView.swift in Sources */ = {isa = PBXBuildFile; fileRef = CD9F5E14273F5896009AB887 /* HomeView.swift */; };
		CD9F5E1C273F5896009AB887 /* HomeRemoteDataManager.swift in Sources */ = {isa = PBXBuildFile; fileRef = CD9F5E15273F5896009AB887 /* HomeRemoteDataManager.swift */; };
		CD9F5E25273F5FC0009AB887 /* RemoteMovieService.swift in Sources */ = {isa = PBXBuildFile; fileRef = CD9F5E24273F5FC0009AB887 /* RemoteMovieService.swift */; };
		CD9F5E28273F76F8009AB887 /* MoviesResponse.swift in Sources */ = {isa = PBXBuildFile; fileRef = CD9F5E27273F76F8009AB887 /* MoviesResponse.swift */; };
		CD9F5E2A273F7B2B009AB887 /* HomeLocalDataManagerTests.swift in Sources */ = {isa = PBXBuildFile; fileRef = CD9F5E29273F7B2B009AB887 /* HomeLocalDataManagerTests.swift */; };
		CD9F5E2C273F7F74009AB887 /* LocalMovieService.swift in Sources */ = {isa = PBXBuildFile; fileRef = CD9F5E2B273F7F74009AB887 /* LocalMovieService.swift */; };
		CD9F5E3527402FCE009AB887 /* RealmSwift in Frameworks */ = {isa = PBXBuildFile; productRef = CD9F5E3427402FCE009AB887 /* RealmSwift */; };
		CD9F5E3727416E79009AB887 /* Results+Extensions.swift in Sources */ = {isa = PBXBuildFile; fileRef = CD9F5E3627416E79009AB887 /* Results+Extensions.swift */; };
		CD9F5E3C2741CFFA009AB887 /* Localizable.strings in Resources */ = {isa = PBXBuildFile; fileRef = CD9F5E3E2741CFFA009AB887 /* Localizable.strings */; };
		CD9F5E412741D12F009AB887 /* LocalizabeViews+Extensions.swift in Sources */ = {isa = PBXBuildFile; fileRef = CD9F5E402741D12F009AB887 /* LocalizabeViews+Extensions.swift */; };
		CD9F5E442741D815009AB887 /* MovieViewCell.swift in Sources */ = {isa = PBXBuildFile; fileRef = CD9F5E432741D815009AB887 /* MovieViewCell.swift */; };
		CD9F5E462741D8A6009AB887 /* MovieViewCell.xib in Resources */ = {isa = PBXBuildFile; fileRef = CD9F5E452741D8A6009AB887 /* MovieViewCell.xib */; };
		CD9F5E482741EC4A009AB887 /* UIImage+Extensions.swift in Sources */ = {isa = PBXBuildFile; fileRef = CD9F5E472741EC4A009AB887 /* UIImage+Extensions.swift */; };
		CD9F5E4A2741F37C009AB887 /* UIView+Extensions.swift in Sources */ = {isa = PBXBuildFile; fileRef = CD9F5E492741F37C009AB887 /* UIView+Extensions.swift */; };
/* End PBXBuildFile section */

/* Begin PBXContainerItemProxy section */
		CD9F5DAA273EF932009AB887 /* PBXContainerItemProxy */ = {
			isa = PBXContainerItemProxy;
			containerPortal = CD9F5D88273EF931009AB887 /* Project object */;
			proxyType = 1;
			remoteGlobalIDString = CD9F5D8F273EF931009AB887;
			remoteInfo = iOSTest;
		};
		CD9F5DB4273EF932009AB887 /* PBXContainerItemProxy */ = {
			isa = PBXContainerItemProxy;
			containerPortal = CD9F5D88273EF931009AB887 /* Project object */;
			proxyType = 1;
			remoteGlobalIDString = CD9F5D8F273EF931009AB887;
			remoteInfo = iOSTest;
		};
/* End PBXContainerItemProxy section */

/* Begin PBXFileReference section */
		CD9F5D90273EF931009AB887 /* iOSTest.app */ = {isa = PBXFileReference; explicitFileType = wrapper.application; includeInIndex = 0; path = iOSTest.app; sourceTree = BUILT_PRODUCTS_DIR; };
		CD9F5D93273EF931009AB887 /* AppDelegate.swift */ = {isa = PBXFileReference; lastKnownFileType = sourcecode.swift; path = AppDelegate.swift; sourceTree = "<group>"; };
		CD9F5D95273EF931009AB887 /* SceneDelegate.swift */ = {isa = PBXFileReference; lastKnownFileType = sourcecode.swift; path = SceneDelegate.swift; sourceTree = "<group>"; };
		CD9F5D97273EF931009AB887 /* ViewController.swift */ = {isa = PBXFileReference; lastKnownFileType = sourcecode.swift; path = ViewController.swift; sourceTree = "<group>"; };
		CD9F5D9A273EF931009AB887 /* Base */ = {isa = PBXFileReference; lastKnownFileType = file.storyboard; name = Base; path = Base.lproj/Main.storyboard; sourceTree = "<group>"; };
		CD9F5D9D273EF931009AB887 /* iOSTest.xcdatamodel */ = {isa = PBXFileReference; lastKnownFileType = wrapper.xcdatamodel; path = iOSTest.xcdatamodel; sourceTree = "<group>"; };
		CD9F5D9F273EF932009AB887 /* Assets.xcassets */ = {isa = PBXFileReference; lastKnownFileType = folder.assetcatalog; path = Assets.xcassets; sourceTree = "<group>"; };
		CD9F5DA2273EF932009AB887 /* Base */ = {isa = PBXFileReference; lastKnownFileType = file.storyboard; name = Base; path = Base.lproj/LaunchScreen.storyboard; sourceTree = "<group>"; };
		CD9F5DA4273EF932009AB887 /* Info.plist */ = {isa = PBXFileReference; lastKnownFileType = text.plist.xml; path = Info.plist; sourceTree = "<group>"; };
		CD9F5DA9273EF932009AB887 /* iOSTestTests.xctest */ = {isa = PBXFileReference; explicitFileType = wrapper.cfbundle; includeInIndex = 0; path = iOSTestTests.xctest; sourceTree = BUILT_PRODUCTS_DIR; };
		CD9F5DB3273EF932009AB887 /* iOSTestUITests.xctest */ = {isa = PBXFileReference; explicitFileType = wrapper.cfbundle; includeInIndex = 0; path = iOSTestUITests.xctest; sourceTree = BUILT_PRODUCTS_DIR; };
		CD9F5DB7273EF932009AB887 /* iOSTestUITests.swift */ = {isa = PBXFileReference; lastKnownFileType = sourcecode.swift; path = iOSTestUITests.swift; sourceTree = "<group>"; };
		CD9F5DB9273EF932009AB887 /* iOSTestUITestsLaunchTests.swift */ = {isa = PBXFileReference; lastKnownFileType = sourcecode.swift; path = iOSTestUITestsLaunchTests.swift; sourceTree = "<group>"; };
		CD9F5DD4273F2B82009AB887 /* HTTPClientTests.swift */ = {isa = PBXFileReference; lastKnownFileType = sourcecode.swift; path = HTTPClientTests.swift; sourceTree = "<group>"; };
		CD9F5DDA273F2DBE009AB887 /* LoggerProtocol.swift */ = {isa = PBXFileReference; fileEncoding = 4; lastKnownFileType = sourcecode.swift; path = LoggerProtocol.swift; sourceTree = "<group>"; };
		CD9F5DDB273F2DBE009AB887 /* BasicLogger.swift */ = {isa = PBXFileReference; fileEncoding = 4; lastKnownFileType = sourcecode.swift; path = BasicLogger.swift; sourceTree = "<group>"; };
		CD9F5DE3273F2E55009AB887 /* HTTPClientProtocol.swift */ = {isa = PBXFileReference; fileEncoding = 4; lastKnownFileType = sourcecode.swift; path = HTTPClientProtocol.swift; sourceTree = "<group>"; };
		CD9F5DE4273F2E55009AB887 /* HTTPClientUtil.swift */ = {isa = PBXFileReference; fileEncoding = 4; lastKnownFileType = sourcecode.swift; path = HTTPClientUtil.swift; sourceTree = "<group>"; };
		CD9F5DE5273F2E55009AB887 /* HTTPClient.swift */ = {isa = PBXFileReference; fileEncoding = 4; lastKnownFileType = sourcecode.swift; path = HTTPClient.swift; sourceTree = "<group>"; };
		CD9F5DE9273F2E6C009AB887 /* FailedResponse.swift */ = {isa = PBXFileReference; fileEncoding = 4; lastKnownFileType = sourcecode.swift; path = FailedResponse.swift; sourceTree = "<group>"; };
		CD9F5DEA273F2E6C009AB887 /* SuccessfulResponse.swift */ = {isa = PBXFileReference; fileEncoding = 4; lastKnownFileType = sourcecode.swift; path = SuccessfulResponse.swift; sourceTree = "<group>"; };
		CD9F5DEB273F2E6C009AB887 /* StatusCode.swift */ = {isa = PBXFileReference; fileEncoding = 4; lastKnownFileType = sourcecode.swift; path = StatusCode.swift; sourceTree = "<group>"; };
		CD9F5DEC273F2E6C009AB887 /* ResponseProtocol.swift */ = {isa = PBXFileReference; fileEncoding = 4; lastKnownFileType = sourcecode.swift; path = ResponseProtocol.swift; sourceTree = "<group>"; };
		CD9F5DF1273F2E8B009AB887 /* HTTPHeader.swift */ = {isa = PBXFileReference; fileEncoding = 4; lastKnownFileType = sourcecode.swift; path = HTTPHeader.swift; sourceTree = "<group>"; };
		CD9F5DF2273F2E8B009AB887 /* HTTPServiceProtocol.swift */ = {isa = PBXFileReference; fileEncoding = 4; lastKnownFileType = sourcecode.swift; path = HTTPServiceProtocol.swift; sourceTree = "<group>"; };
		CD9F5DF3273F2E8B009AB887 /* HTTPMethod.swift */ = {isa = PBXFileReference; fileEncoding = 4; lastKnownFileType = sourcecode.swift; path = HTTPMethod.swift; sourceTree = "<group>"; };
		CD9F5DF4273F2E8B009AB887 /* AlamofireHTTPService.swift */ = {isa = PBXFileReference; fileEncoding = 4; lastKnownFileType = sourcecode.swift; path = AlamofireHTTPService.swift; sourceTree = "<group>"; };
		CD9F5DF9273F2EA8009AB887 /* String+Extensions.swift */ = {isa = PBXFileReference; fileEncoding = 4; lastKnownFileType = sourcecode.swift; path = "String+Extensions.swift"; sourceTree = "<group>"; };
		CD9F5DFA273F2EA8009AB887 /* Array+Extensions.swift */ = {isa = PBXFileReference; fileEncoding = 4; lastKnownFileType = sourcecode.swift; path = "Array+Extensions.swift"; sourceTree = "<group>"; };
		CD9F5DFB273F2EA8009AB887 /* Data+Extensions.swift */ = {isa = PBXFileReference; fileEncoding = 4; lastKnownFileType = sourcecode.swift; path = "Data+Extensions.swift"; sourceTree = "<group>"; };
		CD9F5E06273F3E02009AB887 /* RemoteDataManagerSettings.swift */ = {isa = PBXFileReference; lastKnownFileType = sourcecode.swift; path = RemoteDataManagerSettings.swift; sourceTree = "<group>"; };
		CD9F5E08273F3F0E009AB887 /* HomeRemoteDataManagerTests.swift */ = {isa = PBXFileReference; lastKnownFileType = sourcecode.swift; path = HomeRemoteDataManagerTests.swift; sourceTree = "<group>"; };
		CD9F5E0B273F3F56009AB887 /* Movie.swift */ = {isa = PBXFileReference; lastKnownFileType = sourcecode.swift; path = Movie.swift; sourceTree = "<group>"; };
		CD9F5E0F273F5896009AB887 /* HomePresenter.swift */ = {isa = PBXFileReference; lastKnownFileType = sourcecode.swift; path = HomePresenter.swift; sourceTree = "<group>"; };
		CD9F5E10273F5896009AB887 /* HomeLocalDataManager.swift */ = {isa = PBXFileReference; lastKnownFileType = sourcecode.swift; path = HomeLocalDataManager.swift; sourceTree = "<group>"; };
		CD9F5E11273F5896009AB887 /* HomeRouter.swift */ = {isa = PBXFileReference; lastKnownFileType = sourcecode.swift; path = HomeRouter.swift; sourceTree = "<group>"; };
		CD9F5E12273F5896009AB887 /* HomeProtocols.swift */ = {isa = PBXFileReference; lastKnownFileType = sourcecode.swift; path = HomeProtocols.swift; sourceTree = "<group>"; };
		CD9F5E13273F5896009AB887 /* HomeInteractor.swift */ = {isa = PBXFileReference; lastKnownFileType = sourcecode.swift; path = HomeInteractor.swift; sourceTree = "<group>"; };
		CD9F5E14273F5896009AB887 /* HomeView.swift */ = {isa = PBXFileReference; lastKnownFileType = sourcecode.swift; path = HomeView.swift; sourceTree = "<group>"; };
		CD9F5E15273F5896009AB887 /* HomeRemoteDataManager.swift */ = {isa = PBXFileReference; lastKnownFileType = sourcecode.swift; path = HomeRemoteDataManager.swift; sourceTree = "<group>"; };
		CD9F5E24273F5FC0009AB887 /* RemoteMovieService.swift */ = {isa = PBXFileReference; lastKnownFileType = sourcecode.swift; path = RemoteMovieService.swift; sourceTree = "<group>"; };
		CD9F5E27273F76F8009AB887 /* MoviesResponse.swift */ = {isa = PBXFileReference; lastKnownFileType = sourcecode.swift; path = MoviesResponse.swift; sourceTree = "<group>"; };
		CD9F5E29273F7B2B009AB887 /* HomeLocalDataManagerTests.swift */ = {isa = PBXFileReference; lastKnownFileType = sourcecode.swift; path = HomeLocalDataManagerTests.swift; sourceTree = "<group>"; };
		CD9F5E2B273F7F74009AB887 /* LocalMovieService.swift */ = {isa = PBXFileReference; lastKnownFileType = sourcecode.swift; path = LocalMovieService.swift; sourceTree = "<group>"; };
		CD9F5E3627416E79009AB887 /* Results+Extensions.swift */ = {isa = PBXFileReference; lastKnownFileType = sourcecode.swift; path = "Results+Extensions.swift"; sourceTree = "<group>"; };
		CD9F5E3D2741CFFA009AB887 /* en */ = {isa = PBXFileReference; lastKnownFileType = text.plist.strings; name = en; path = en.lproj/Localizable.strings; sourceTree = "<group>"; };
		CD9F5E3F2741D00D009AB887 /* es */ = {isa = PBXFileReference; lastKnownFileType = text.plist.strings; name = es; path = es.lproj/Localizable.strings; sourceTree = "<group>"; };
		CD9F5E402741D12F009AB887 /* LocalizabeViews+Extensions.swift */ = {isa = PBXFileReference; lastKnownFileType = sourcecode.swift; path = "LocalizabeViews+Extensions.swift"; sourceTree = "<group>"; };
		CD9F5E432741D815009AB887 /* MovieViewCell.swift */ = {isa = PBXFileReference; lastKnownFileType = sourcecode.swift; path = MovieViewCell.swift; sourceTree = "<group>"; };
		CD9F5E452741D8A6009AB887 /* MovieViewCell.xib */ = {isa = PBXFileReference; lastKnownFileType = file.xib; path = MovieViewCell.xib; sourceTree = "<group>"; };
		CD9F5E472741EC4A009AB887 /* UIImage+Extensions.swift */ = {isa = PBXFileReference; lastKnownFileType = sourcecode.swift; path = "UIImage+Extensions.swift"; sourceTree = "<group>"; };
		CD9F5E492741F37C009AB887 /* UIView+Extensions.swift */ = {isa = PBXFileReference; lastKnownFileType = sourcecode.swift; path = "UIView+Extensions.swift"; sourceTree = "<group>"; };
/* End PBXFileReference section */

/* Begin PBXFrameworksBuildPhase section */
		CD9F5D8D273EF931009AB887 /* Frameworks */ = {
			isa = PBXFrameworksBuildPhase;
			buildActionMask = 2147483647;
			files = (
				CD9F5E3527402FCE009AB887 /* RealmSwift in Frameworks */,
				CD9F5DCF273EFB1C009AB887 /* Alamofire in Frameworks */,
			);
			runOnlyForDeploymentPostprocessing = 0;
		};
		CD9F5DA6273EF932009AB887 /* Frameworks */ = {
			isa = PBXFrameworksBuildPhase;
			buildActionMask = 2147483647;
			files = (
			);
			runOnlyForDeploymentPostprocessing = 0;
		};
		CD9F5DB0273EF932009AB887 /* Frameworks */ = {
			isa = PBXFrameworksBuildPhase;
			buildActionMask = 2147483647;
			files = (
			);
			runOnlyForDeploymentPostprocessing = 0;
		};
/* End PBXFrameworksBuildPhase section */

/* Begin PBXGroup section */
		CD9F5D87273EF931009AB887 = {
			isa = PBXGroup;
			children = (
				CD9F5D92273EF931009AB887 /* iOSTest */,
				CD9F5DAC273EF932009AB887 /* iOSTestTests */,
				CD9F5DB6273EF932009AB887 /* iOSTestUITests */,
				CD9F5D91273EF931009AB887 /* Products */,
			);
			sourceTree = "<group>";
		};
		CD9F5D91273EF931009AB887 /* Products */ = {
			isa = PBXGroup;
			children = (
				CD9F5D90273EF931009AB887 /* iOSTest.app */,
				CD9F5DA9273EF932009AB887 /* iOSTestTests.xctest */,
				CD9F5DB3273EF932009AB887 /* iOSTestUITests.xctest */,
			);
			name = Products;
			sourceTree = "<group>";
		};
		CD9F5D92273EF931009AB887 /* iOSTest */ = {
			isa = PBXGroup;
			children = (
				CD9F5E0D273F563C009AB887 /* Module */,
				CD9F5E0A273F3F2E009AB887 /* Entity */,
				CD9F5E422741D36C009AB887 /* CustomView */,
				CD9F5E05273F3DEE009AB887 /* Settings */,
				CD9F5DC6273EF998009AB887 /* Service */,
				CD9F5DD6273F2D43009AB887 /* Common */,
				CD9F5D93273EF931009AB887 /* AppDelegate.swift */,
				CD9F5D95273EF931009AB887 /* SceneDelegate.swift */,
				CD9F5D97273EF931009AB887 /* ViewController.swift */,
				CD9F5D99273EF931009AB887 /* Main.storyboard */,
				CD9F5D9F273EF932009AB887 /* Assets.xcassets */,
				CD9F5DA1273EF932009AB887 /* LaunchScreen.storyboard */,
				CD9F5E3E2741CFFA009AB887 /* Localizable.strings */,
				CD9F5DA4273EF932009AB887 /* Info.plist */,
				CD9F5D9C273EF931009AB887 /* iOSTest.xcdatamodeld */,
			);
			path = iOSTest;
			sourceTree = "<group>";
		};
		CD9F5DAC273EF932009AB887 /* iOSTestTests */ = {
			isa = PBXGroup;
			children = (
				CD9F5DD4273F2B82009AB887 /* HTTPClientTests.swift */,
				CD9F5E08273F3F0E009AB887 /* HomeRemoteDataManagerTests.swift */,
				CD9F5E29273F7B2B009AB887 /* HomeLocalDataManagerTests.swift */,
			);
			path = iOSTestTests;
			sourceTree = "<group>";
		};
		CD9F5DB6273EF932009AB887 /* iOSTestUITests */ = {
			isa = PBXGroup;
			children = (
				CD9F5DB7273EF932009AB887 /* iOSTestUITests.swift */,
				CD9F5DB9273EF932009AB887 /* iOSTestUITestsLaunchTests.swift */,
			);
			path = iOSTestUITests;
			sourceTree = "<group>";
		};
		CD9F5DC6273EF998009AB887 /* Service */ = {
			isa = PBXGroup;
			children = (
				CD9F5DDE273F2DE3009AB887 /* HTTP */,
				CD9F5E26273F6096009AB887 /* Movie */,
			);
			path = Service;
			sourceTree = "<group>";
		};
		CD9F5DD6273F2D43009AB887 /* Common */ = {
			isa = PBXGroup;
			children = (
				CD9F5DE2273F2E33009AB887 /* Extensions */,
				CD9F5DD7273F2D55009AB887 /* Logger */,
			);
			path = Common;
			sourceTree = "<group>";
		};
		CD9F5DD7273F2D55009AB887 /* Logger */ = {
			isa = PBXGroup;
			children = (
				CD9F5DDB273F2DBE009AB887 /* BasicLogger.swift */,
				CD9F5DDA273F2DBE009AB887 /* LoggerProtocol.swift */,
			);
			path = Logger;
			sourceTree = "<group>";
		};
		CD9F5DDE273F2DE3009AB887 /* HTTP */ = {
			isa = PBXGroup;
			children = (
				CD9F5DDF273F2DEF009AB887 /* HTTPClient */,
				CD9F5DE0273F2DFB009AB887 /* HTTPService */,
				CD9F5DE1273F2E0E009AB887 /* HTTPResponse */,
			);
			path = HTTP;
			sourceTree = "<group>";
		};
		CD9F5DDF273F2DEF009AB887 /* HTTPClient */ = {
			isa = PBXGroup;
			children = (
				CD9F5DE5273F2E55009AB887 /* HTTPClient.swift */,
				CD9F5DE3273F2E55009AB887 /* HTTPClientProtocol.swift */,
				CD9F5DE4273F2E55009AB887 /* HTTPClientUtil.swift */,
			);
			path = HTTPClient;
			sourceTree = "<group>";
		};
		CD9F5DE0273F2DFB009AB887 /* HTTPService */ = {
			isa = PBXGroup;
			children = (
				CD9F5DF4273F2E8B009AB887 /* AlamofireHTTPService.swift */,
				CD9F5DF1273F2E8B009AB887 /* HTTPHeader.swift */,
				CD9F5DF3273F2E8B009AB887 /* HTTPMethod.swift */,
				CD9F5DF2273F2E8B009AB887 /* HTTPServiceProtocol.swift */,
			);
			path = HTTPService;
			sourceTree = "<group>";
		};
		CD9F5DE1273F2E0E009AB887 /* HTTPResponse */ = {
			isa = PBXGroup;
			children = (
				CD9F5DE9273F2E6C009AB887 /* FailedResponse.swift */,
				CD9F5DEC273F2E6C009AB887 /* ResponseProtocol.swift */,
				CD9F5DEB273F2E6C009AB887 /* StatusCode.swift */,
				CD9F5DEA273F2E6C009AB887 /* SuccessfulResponse.swift */,
			);
			path = HTTPResponse;
			sourceTree = "<group>";
		};
		CD9F5DE2273F2E33009AB887 /* Extensions */ = {
			isa = PBXGroup;
			children = (
				CD9F5DFA273F2EA8009AB887 /* Array+Extensions.swift */,
				CD9F5DFB273F2EA8009AB887 /* Data+Extensions.swift */,
				CD9F5DF9273F2EA8009AB887 /* String+Extensions.swift */,
				CD9F5E3627416E79009AB887 /* Results+Extensions.swift */,
				CD9F5E402741D12F009AB887 /* LocalizabeViews+Extensions.swift */,
				CD9F5E472741EC4A009AB887 /* UIImage+Extensions.swift */,
				CD9F5E492741F37C009AB887 /* UIView+Extensions.swift */,
			);
			path = Extensions;
			sourceTree = "<group>";
		};
		CD9F5E05273F3DEE009AB887 /* Settings */ = {
			isa = PBXGroup;
			children = (
				CD9F5E06273F3E02009AB887 /* RemoteDataManagerSettings.swift */,
			);
			path = Settings;
			sourceTree = "<group>";
		};
		CD9F5E0A273F3F2E009AB887 /* Entity */ = {
			isa = PBXGroup;
			children = (
				CD9F5E27273F76F8009AB887 /* MoviesResponse.swift */,
				CD9F5E0B273F3F56009AB887 /* Movie.swift */,
			);
			path = Entity;
			sourceTree = "<group>";
		};
		CD9F5E0D273F563C009AB887 /* Module */ = {
			isa = PBXGroup;
			children = (
				CD9F5E0E273F585D009AB887 /* Home */,
			);
			path = Module;
			sourceTree = "<group>";
		};
		CD9F5E0E273F585D009AB887 /* Home */ = {
			isa = PBXGroup;
			children = (
				CD9F5E12273F5896009AB887 /* HomeProtocols.swift */,
				CD9F5E14273F5896009AB887 /* HomeView.swift */,
				CD9F5E0F273F5896009AB887 /* HomePresenter.swift */,
				CD9F5E13273F5896009AB887 /* HomeInteractor.swift */,
				CD9F5E11273F5896009AB887 /* HomeRouter.swift */,
				CD9F5E10273F5896009AB887 /* HomeLocalDataManager.swift */,
				CD9F5E15273F5896009AB887 /* HomeRemoteDataManager.swift */,
				CD9F5E432741D815009AB887 /* MovieViewCell.swift */,
				CD9F5E452741D8A6009AB887 /* MovieViewCell.xib */,
			);
			path = Home;
			sourceTree = "<group>";
		};
		CD9F5E26273F6096009AB887 /* Movie */ = {
			isa = PBXGroup;
			children = (
				CD9F5E2B273F7F74009AB887 /* LocalMovieService.swift */,
				CD9F5E24273F5FC0009AB887 /* RemoteMovieService.swift */,
			);
			path = Movie;
			sourceTree = "<group>";
		};
		CD9F5E422741D36C009AB887 /* CustomView */ = {
			isa = PBXGroup;
			children = (
			);
			path = CustomView;
			sourceTree = "<group>";
		};
/* End PBXGroup section */

/* Begin PBXNativeTarget section */
		CD9F5D8F273EF931009AB887 /* iOSTest */ = {
			isa = PBXNativeTarget;
			buildConfigurationList = CD9F5DBD273EF932009AB887 /* Build configuration list for PBXNativeTarget "iOSTest" */;
			buildPhases = (
				CD9F5D8C273EF931009AB887 /* Sources */,
				CD9F5D8D273EF931009AB887 /* Frameworks */,
				CD9F5D8E273EF931009AB887 /* Resources */,
			);
			buildRules = (
			);
			dependencies = (
			);
			name = iOSTest;
			packageProductDependencies = (
				CD9F5DCE273EFB1C009AB887 /* Alamofire */,
				CD9F5E3427402FCE009AB887 /* RealmSwift */,
			);
			productName = iOSTest;
			productReference = CD9F5D90273EF931009AB887 /* iOSTest.app */;
			productType = "com.apple.product-type.application";
		};
		CD9F5DA8273EF932009AB887 /* iOSTestTests */ = {
			isa = PBXNativeTarget;
			buildConfigurationList = CD9F5DC0273EF932009AB887 /* Build configuration list for PBXNativeTarget "iOSTestTests" */;
			buildPhases = (
				CD9F5DA5273EF932009AB887 /* Sources */,
				CD9F5DA6273EF932009AB887 /* Frameworks */,
				CD9F5DA7273EF932009AB887 /* Resources */,
			);
			buildRules = (
			);
			dependencies = (
				CD9F5DAB273EF932009AB887 /* PBXTargetDependency */,
			);
			name = iOSTestTests;
			productName = iOSTestTests;
			productReference = CD9F5DA9273EF932009AB887 /* iOSTestTests.xctest */;
			productType = "com.apple.product-type.bundle.unit-test";
		};
		CD9F5DB2273EF932009AB887 /* iOSTestUITests */ = {
			isa = PBXNativeTarget;
			buildConfigurationList = CD9F5DC3273EF932009AB887 /* Build configuration list for PBXNativeTarget "iOSTestUITests" */;
			buildPhases = (
				CD9F5DAF273EF932009AB887 /* Sources */,
				CD9F5DB0273EF932009AB887 /* Frameworks */,
				CD9F5DB1273EF932009AB887 /* Resources */,
			);
			buildRules = (
			);
			dependencies = (
				CD9F5DB5273EF932009AB887 /* PBXTargetDependency */,
			);
			name = iOSTestUITests;
			productName = iOSTestUITests;
			productReference = CD9F5DB3273EF932009AB887 /* iOSTestUITests.xctest */;
			productType = "com.apple.product-type.bundle.ui-testing";
		};
/* End PBXNativeTarget section */

/* Begin PBXProject section */
		CD9F5D88273EF931009AB887 /* Project object */ = {
			isa = PBXProject;
			attributes = {
				BuildIndependentTargetsInParallel = 1;
				LastSwiftUpdateCheck = 1310;
				LastUpgradeCheck = 1310;
				TargetAttributes = {
					CD9F5D8F273EF931009AB887 = {
						CreatedOnToolsVersion = 13.1;
					};
					CD9F5DA8273EF932009AB887 = {
						CreatedOnToolsVersion = 13.1;
						TestTargetID = CD9F5D8F273EF931009AB887;
					};
					CD9F5DB2273EF932009AB887 = {
						CreatedOnToolsVersion = 13.1;
						TestTargetID = CD9F5D8F273EF931009AB887;
					};
				};
			};
			buildConfigurationList = CD9F5D8B273EF931009AB887 /* Build configuration list for PBXProject "iOSTest" */;
			compatibilityVersion = "Xcode 13.0";
			developmentRegion = en;
			hasScannedForEncodings = 0;
			knownRegions = (
				en,
				Base,
				es,
			);
			mainGroup = CD9F5D87273EF931009AB887;
			packageReferences = (
				CD9F5DCD273EFB1C009AB887 /* XCRemoteSwiftPackageReference "Alamofire" */,
				CD9F5E3327402FCE009AB887 /* XCRemoteSwiftPackageReference "realm-cocoa" */,
			);
			productRefGroup = CD9F5D91273EF931009AB887 /* Products */;
			projectDirPath = "";
			projectRoot = "";
			targets = (
				CD9F5D8F273EF931009AB887 /* iOSTest */,
				CD9F5DA8273EF932009AB887 /* iOSTestTests */,
				CD9F5DB2273EF932009AB887 /* iOSTestUITests */,
			);
		};
/* End PBXProject section */

/* Begin PBXResourcesBuildPhase section */
		CD9F5D8E273EF931009AB887 /* Resources */ = {
			isa = PBXResourcesBuildPhase;
			buildActionMask = 2147483647;
			files = (
				CD9F5DA3273EF932009AB887 /* LaunchScreen.storyboard in Resources */,
				CD9F5E3C2741CFFA009AB887 /* Localizable.strings in Resources */,
				CD9F5DA0273EF932009AB887 /* Assets.xcassets in Resources */,
				CD9F5D9B273EF931009AB887 /* Main.storyboard in Resources */,
				CD9F5E462741D8A6009AB887 /* MovieViewCell.xib in Resources */,
			);
			runOnlyForDeploymentPostprocessing = 0;
		};
		CD9F5DA7273EF932009AB887 /* Resources */ = {
			isa = PBXResourcesBuildPhase;
			buildActionMask = 2147483647;
			files = (
			);
			runOnlyForDeploymentPostprocessing = 0;
		};
		CD9F5DB1273EF932009AB887 /* Resources */ = {
			isa = PBXResourcesBuildPhase;
			buildActionMask = 2147483647;
			files = (
			);
			runOnlyForDeploymentPostprocessing = 0;
		};
/* End PBXResourcesBuildPhase section */

/* Begin PBXSourcesBuildPhase section */
		CD9F5D8C273EF931009AB887 /* Sources */ = {
			isa = PBXSourcesBuildPhase;
			buildActionMask = 2147483647;
			files = (
				CD9F5DE6273F2E55009AB887 /* HTTPClientProtocol.swift in Sources */,
				CD9F5E1B273F5896009AB887 /* HomeView.swift in Sources */,
				CD9F5DEE273F2E6C009AB887 /* SuccessfulResponse.swift in Sources */,
				CD9F5E16273F5896009AB887 /* HomePresenter.swift in Sources */,
				CD9F5DEF273F2E6C009AB887 /* StatusCode.swift in Sources */,
				CD9F5E07273F3E02009AB887 /* RemoteDataManagerSettings.swift in Sources */,
				CD9F5DED273F2E6C009AB887 /* FailedResponse.swift in Sources */,
				CD9F5E4A2741F37C009AB887 /* UIView+Extensions.swift in Sources */,
				CD9F5E1A273F5896009AB887 /* HomeInteractor.swift in Sources */,
				CD9F5E19273F5896009AB887 /* HomeProtocols.swift in Sources */,
				CD9F5DFC273F2EA8009AB887 /* String+Extensions.swift in Sources */,
				CD9F5D98273EF931009AB887 /* ViewController.swift in Sources */,
				CD9F5DDC273F2DBE009AB887 /* LoggerProtocol.swift in Sources */,
				CD9F5DDD273F2DBE009AB887 /* BasicLogger.swift in Sources */,
				CD9F5DE7273F2E55009AB887 /* HTTPClientUtil.swift in Sources */,
				CD9F5E412741D12F009AB887 /* LocalizabeViews+Extensions.swift in Sources */,
				CD9F5E482741EC4A009AB887 /* UIImage+Extensions.swift in Sources */,
				CD9F5DFE273F2EA8009AB887 /* Data+Extensions.swift in Sources */,
				CD9F5DF8273F2E8B009AB887 /* AlamofireHTTPService.swift in Sources */,
				CD9F5DE8273F2E55009AB887 /* HTTPClient.swift in Sources */,
				CD9F5E18273F5896009AB887 /* HomeRouter.swift in Sources */,
				CD9F5E17273F5896009AB887 /* HomeLocalDataManager.swift in Sources */,
				CD9F5E25273F5FC0009AB887 /* RemoteMovieService.swift in Sources */,
				CD9F5E2C273F7F74009AB887 /* LocalMovieService.swift in Sources */,
				CD9F5E3727416E79009AB887 /* Results+Extensions.swift in Sources */,
				CD9F5E1C273F5896009AB887 /* HomeRemoteDataManager.swift in Sources */,
				CD9F5D94273EF931009AB887 /* AppDelegate.swift in Sources */,
				CD9F5E28273F76F8009AB887 /* MoviesResponse.swift in Sources */,
				CD9F5DF6273F2E8B009AB887 /* HTTPServiceProtocol.swift in Sources */,
				CD9F5E442741D815009AB887 /* MovieViewCell.swift in Sources */,
				CD9F5D96273EF931009AB887 /* SceneDelegate.swift in Sources */,
				CD9F5DF7273F2E8B009AB887 /* HTTPMethod.swift in Sources */,
				CD9F5DF0273F2E6C009AB887 /* ResponseProtocol.swift in Sources */,
				CD9F5DF5273F2E8B009AB887 /* HTTPHeader.swift in Sources */,
				CD9F5DFD273F2EA8009AB887 /* Array+Extensions.swift in Sources */,
				CD9F5E0C273F3F56009AB887 /* Movie.swift in Sources */,
				CD9F5D9E273EF931009AB887 /* iOSTest.xcdatamodeld in Sources */,
			);
			runOnlyForDeploymentPostprocessing = 0;
		};
		CD9F5DA5273EF932009AB887 /* Sources */ = {
			isa = PBXSourcesBuildPhase;
			buildActionMask = 2147483647;
			files = (
				CD9F5E09273F3F0E009AB887 /* HomeRemoteDataManagerTests.swift in Sources */,
				CD9F5E2A273F7B2B009AB887 /* HomeLocalDataManagerTests.swift in Sources */,
				CD9F5DD5273F2B82009AB887 /* HTTPClientTests.swift in Sources */,
			);
			runOnlyForDeploymentPostprocessing = 0;
		};
		CD9F5DAF273EF932009AB887 /* Sources */ = {
			isa = PBXSourcesBuildPhase;
			buildActionMask = 2147483647;
			files = (
				CD9F5DBA273EF932009AB887 /* iOSTestUITestsLaunchTests.swift in Sources */,
				CD9F5DB8273EF932009AB887 /* iOSTestUITests.swift in Sources */,
			);
			runOnlyForDeploymentPostprocessing = 0;
		};
/* End PBXSourcesBuildPhase section */

/* Begin PBXTargetDependency section */
		CD9F5DAB273EF932009AB887 /* PBXTargetDependency */ = {
			isa = PBXTargetDependency;
			target = CD9F5D8F273EF931009AB887 /* iOSTest */;
			targetProxy = CD9F5DAA273EF932009AB887 /* PBXContainerItemProxy */;
		};
		CD9F5DB5273EF932009AB887 /* PBXTargetDependency */ = {
			isa = PBXTargetDependency;
			target = CD9F5D8F273EF931009AB887 /* iOSTest */;
			targetProxy = CD9F5DB4273EF932009AB887 /* PBXContainerItemProxy */;
		};
/* End PBXTargetDependency section */

/* Begin PBXVariantGroup section */
		CD9F5D99273EF931009AB887 /* Main.storyboard */ = {
			isa = PBXVariantGroup;
			children = (
				CD9F5D9A273EF931009AB887 /* Base */,
			);
			name = Main.storyboard;
			sourceTree = "<group>";
		};
		CD9F5DA1273EF932009AB887 /* LaunchScreen.storyboard */ = {
			isa = PBXVariantGroup;
			children = (
				CD9F5DA2273EF932009AB887 /* Base */,
			);
			name = LaunchScreen.storyboard;
			sourceTree = "<group>";
		};
		CD9F5E3E2741CFFA009AB887 /* Localizable.strings */ = {
			isa = PBXVariantGroup;
			children = (
				CD9F5E3D2741CFFA009AB887 /* en */,
				CD9F5E3F2741D00D009AB887 /* es */,
			);
			name = Localizable.strings;
			sourceTree = "<group>";
		};
/* End PBXVariantGroup section */

/* Begin XCBuildConfiguration section */
		CD9F5DBB273EF932009AB887 /* Debug */ = {
			isa = XCBuildConfiguration;
			buildSettings = {
				ALWAYS_SEARCH_USER_PATHS = NO;
				CLANG_ANALYZER_LOCALIZABILITY_NONLOCALIZED = YES;
				CLANG_ANALYZER_NONNULL = YES;
				CLANG_ANALYZER_NUMBER_OBJECT_CONVERSION = YES_AGGRESSIVE;
				CLANG_CXX_LANGUAGE_STANDARD = "gnu++17";
				CLANG_CXX_LIBRARY = "libc++";
				CLANG_ENABLE_MODULES = YES;
				CLANG_ENABLE_OBJC_ARC = YES;
				CLANG_ENABLE_OBJC_WEAK = YES;
				CLANG_WARN_BLOCK_CAPTURE_AUTORELEASING = YES;
				CLANG_WARN_BOOL_CONVERSION = YES;
				CLANG_WARN_COMMA = YES;
				CLANG_WARN_CONSTANT_CONVERSION = YES;
				CLANG_WARN_DEPRECATED_OBJC_IMPLEMENTATIONS = YES;
				CLANG_WARN_DIRECT_OBJC_ISA_USAGE = YES_ERROR;
				CLANG_WARN_DOCUMENTATION_COMMENTS = YES;
				CLANG_WARN_EMPTY_BODY = YES;
				CLANG_WARN_ENUM_CONVERSION = YES;
				CLANG_WARN_INFINITE_RECURSION = YES;
				CLANG_WARN_INT_CONVERSION = YES;
				CLANG_WARN_NON_LITERAL_NULL_CONVERSION = YES;
				CLANG_WARN_OBJC_IMPLICIT_RETAIN_SELF = YES;
				CLANG_WARN_OBJC_LITERAL_CONVERSION = YES;
				CLANG_WARN_OBJC_ROOT_CLASS = YES_ERROR;
				CLANG_WARN_QUOTED_INCLUDE_IN_FRAMEWORK_HEADER = YES;
				CLANG_WARN_RANGE_LOOP_ANALYSIS = YES;
				CLANG_WARN_STRICT_PROTOTYPES = YES;
				CLANG_WARN_SUSPICIOUS_MOVE = YES;
				CLANG_WARN_UNGUARDED_AVAILABILITY = YES_AGGRESSIVE;
				CLANG_WARN_UNREACHABLE_CODE = YES;
				CLANG_WARN__DUPLICATE_METHOD_MATCH = YES;
				COPY_PHASE_STRIP = NO;
				DEBUG_INFORMATION_FORMAT = dwarf;
				ENABLE_STRICT_OBJC_MSGSEND = YES;
				ENABLE_TESTABILITY = YES;
				GCC_C_LANGUAGE_STANDARD = gnu11;
				GCC_DYNAMIC_NO_PIC = NO;
				GCC_NO_COMMON_BLOCKS = YES;
				GCC_OPTIMIZATION_LEVEL = 0;
				GCC_PREPROCESSOR_DEFINITIONS = (
					"DEBUG=1",
					"$(inherited)",
				);
				GCC_WARN_64_TO_32_BIT_CONVERSION = YES;
				GCC_WARN_ABOUT_RETURN_TYPE = YES_ERROR;
				GCC_WARN_UNDECLARED_SELECTOR = YES;
				GCC_WARN_UNINITIALIZED_AUTOS = YES_AGGRESSIVE;
				GCC_WARN_UNUSED_FUNCTION = YES;
				GCC_WARN_UNUSED_VARIABLE = YES;
				IPHONEOS_DEPLOYMENT_TARGET = 15.0;
				MTL_ENABLE_DEBUG_INFO = INCLUDE_SOURCE;
				MTL_FAST_MATH = YES;
				ONLY_ACTIVE_ARCH = YES;
				SDKROOT = iphoneos;
				SWIFT_ACTIVE_COMPILATION_CONDITIONS = DEBUG;
				SWIFT_OPTIMIZATION_LEVEL = "-Onone";
			};
			name = Debug;
		};
		CD9F5DBC273EF932009AB887 /* Release */ = {
			isa = XCBuildConfiguration;
			buildSettings = {
				ALWAYS_SEARCH_USER_PATHS = NO;
				CLANG_ANALYZER_LOCALIZABILITY_NONLOCALIZED = YES;
				CLANG_ANALYZER_NONNULL = YES;
				CLANG_ANALYZER_NUMBER_OBJECT_CONVERSION = YES_AGGRESSIVE;
				CLANG_CXX_LANGUAGE_STANDARD = "gnu++17";
				CLANG_CXX_LIBRARY = "libc++";
				CLANG_ENABLE_MODULES = YES;
				CLANG_ENABLE_OBJC_ARC = YES;
				CLANG_ENABLE_OBJC_WEAK = YES;
				CLANG_WARN_BLOCK_CAPTURE_AUTORELEASING = YES;
				CLANG_WARN_BOOL_CONVERSION = YES;
				CLANG_WARN_COMMA = YES;
				CLANG_WARN_CONSTANT_CONVERSION = YES;
				CLANG_WARN_DEPRECATED_OBJC_IMPLEMENTATIONS = YES;
				CLANG_WARN_DIRECT_OBJC_ISA_USAGE = YES_ERROR;
				CLANG_WARN_DOCUMENTATION_COMMENTS = YES;
				CLANG_WARN_EMPTY_BODY = YES;
				CLANG_WARN_ENUM_CONVERSION = YES;
				CLANG_WARN_INFINITE_RECURSION = YES;
				CLANG_WARN_INT_CONVERSION = YES;
				CLANG_WARN_NON_LITERAL_NULL_CONVERSION = YES;
				CLANG_WARN_OBJC_IMPLICIT_RETAIN_SELF = YES;
				CLANG_WARN_OBJC_LITERAL_CONVERSION = YES;
				CLANG_WARN_OBJC_ROOT_CLASS = YES_ERROR;
				CLANG_WARN_QUOTED_INCLUDE_IN_FRAMEWORK_HEADER = YES;
				CLANG_WARN_RANGE_LOOP_ANALYSIS = YES;
				CLANG_WARN_STRICT_PROTOTYPES = YES;
				CLANG_WARN_SUSPICIOUS_MOVE = YES;
				CLANG_WARN_UNGUARDED_AVAILABILITY = YES_AGGRESSIVE;
				CLANG_WARN_UNREACHABLE_CODE = YES;
				CLANG_WARN__DUPLICATE_METHOD_MATCH = YES;
				COPY_PHASE_STRIP = NO;
				DEBUG_INFORMATION_FORMAT = "dwarf-with-dsym";
				ENABLE_NS_ASSERTIONS = NO;
				ENABLE_STRICT_OBJC_MSGSEND = YES;
				GCC_C_LANGUAGE_STANDARD = gnu11;
				GCC_NO_COMMON_BLOCKS = YES;
				GCC_WARN_64_TO_32_BIT_CONVERSION = YES;
				GCC_WARN_ABOUT_RETURN_TYPE = YES_ERROR;
				GCC_WARN_UNDECLARED_SELECTOR = YES;
				GCC_WARN_UNINITIALIZED_AUTOS = YES_AGGRESSIVE;
				GCC_WARN_UNUSED_FUNCTION = YES;
				GCC_WARN_UNUSED_VARIABLE = YES;
				IPHONEOS_DEPLOYMENT_TARGET = 15.0;
				MTL_ENABLE_DEBUG_INFO = NO;
				MTL_FAST_MATH = YES;
				SDKROOT = iphoneos;
				SWIFT_COMPILATION_MODE = wholemodule;
				SWIFT_OPTIMIZATION_LEVEL = "-O";
				VALIDATE_PRODUCT = YES;
			};
			name = Release;
		};
		CD9F5DBE273EF932009AB887 /* Debug */ = {
			isa = XCBuildConfiguration;
			buildSettings = {
				ASSETCATALOG_COMPILER_APPICON_NAME = AppIcon;
				ASSETCATALOG_COMPILER_GLOBAL_ACCENT_COLOR_NAME = AccentColor;
				CODE_SIGN_STYLE = Automatic;
				CURRENT_PROJECT_VERSION = 1;
				GENERATE_INFOPLIST_FILE = YES;
				INFOPLIST_FILE = iOSTest/Info.plist;
				INFOPLIST_KEY_UIApplicationSupportsIndirectInputEvents = YES;
				INFOPLIST_KEY_UILaunchStoryboardName = LaunchScreen;
				INFOPLIST_KEY_UIMainStoryboardFile = Main;
				INFOPLIST_KEY_UISupportedInterfaceOrientations_iPad = "UIInterfaceOrientationPortrait UIInterfaceOrientationPortraitUpsideDown UIInterfaceOrientationLandscapeLeft UIInterfaceOrientationLandscapeRight";
				INFOPLIST_KEY_UISupportedInterfaceOrientations_iPhone = "UIInterfaceOrientationPortrait UIInterfaceOrientationLandscapeLeft UIInterfaceOrientationLandscapeRight";
				LD_RUNPATH_SEARCH_PATHS = (
					"$(inherited)",
					"@executable_path/Frameworks",
				);
				MARKETING_VERSION = 1.0;
				PRODUCT_BUNDLE_IDENTIFIER = com.test.iOSTest;
				PRODUCT_NAME = "$(TARGET_NAME)";
				SWIFT_EMIT_LOC_STRINGS = YES;
				SWIFT_VERSION = 5.0;
				TARGETED_DEVICE_FAMILY = "1,2";
			};
			name = Debug;
		};
		CD9F5DBF273EF932009AB887 /* Release */ = {
			isa = XCBuildConfiguration;
			buildSettings = {
				ASSETCATALOG_COMPILER_APPICON_NAME = AppIcon;
				ASSETCATALOG_COMPILER_GLOBAL_ACCENT_COLOR_NAME = AccentColor;
				CODE_SIGN_STYLE = Automatic;
				CURRENT_PROJECT_VERSION = 1;
				GENERATE_INFOPLIST_FILE = YES;
				INFOPLIST_FILE = iOSTest/Info.plist;
				INFOPLIST_KEY_UIApplicationSupportsIndirectInputEvents = YES;
				INFOPLIST_KEY_UILaunchStoryboardName = LaunchScreen;
				INFOPLIST_KEY_UIMainStoryboardFile = Main;
				INFOPLIST_KEY_UISupportedInterfaceOrientations_iPad = "UIInterfaceOrientationPortrait UIInterfaceOrientationPortraitUpsideDown UIInterfaceOrientationLandscapeLeft UIInterfaceOrientationLandscapeRight";
				INFOPLIST_KEY_UISupportedInterfaceOrientations_iPhone = "UIInterfaceOrientationPortrait UIInterfaceOrientationLandscapeLeft UIInterfaceOrientationLandscapeRight";
				LD_RUNPATH_SEARCH_PATHS = (
					"$(inherited)",
					"@executable_path/Frameworks",
				);
				MARKETING_VERSION = 1.0;
				PRODUCT_BUNDLE_IDENTIFIER = com.test.iOSTest;
				PRODUCT_NAME = "$(TARGET_NAME)";
				SWIFT_EMIT_LOC_STRINGS = YES;
				SWIFT_VERSION = 5.0;
				TARGETED_DEVICE_FAMILY = "1,2";
			};
			name = Release;
		};
		CD9F5DC1273EF932009AB887 /* Debug */ = {
			isa = XCBuildConfiguration;
			buildSettings = {
				ALWAYS_EMBED_SWIFT_STANDARD_LIBRARIES = YES;
				BUNDLE_LOADER = "$(TEST_HOST)";
				CODE_SIGN_STYLE = Automatic;
				CURRENT_PROJECT_VERSION = 1;
				GENERATE_INFOPLIST_FILE = YES;
				IPHONEOS_DEPLOYMENT_TARGET = 15.0;
				LD_RUNPATH_SEARCH_PATHS = (
					"$(inherited)",
					"@executable_path/Frameworks",
					"@loader_path/Frameworks",
				);
				MARKETING_VERSION = 1.0;
				PRODUCT_BUNDLE_IDENTIFIER = com.test.iOSTestTests;
				PRODUCT_NAME = "$(TARGET_NAME)";
				SWIFT_EMIT_LOC_STRINGS = NO;
				SWIFT_VERSION = 5.0;
				TARGETED_DEVICE_FAMILY = "1,2";
				TEST_HOST = "$(BUILT_PRODUCTS_DIR)/iOSTest.app/iOSTest";
			};
			name = Debug;
		};
		CD9F5DC2273EF932009AB887 /* Release */ = {
			isa = XCBuildConfiguration;
			buildSettings = {
				ALWAYS_EMBED_SWIFT_STANDARD_LIBRARIES = YES;
				BUNDLE_LOADER = "$(TEST_HOST)";
				CODE_SIGN_STYLE = Automatic;
				CURRENT_PROJECT_VERSION = 1;
				GENERATE_INFOPLIST_FILE = YES;
				IPHONEOS_DEPLOYMENT_TARGET = 15.0;
				LD_RUNPATH_SEARCH_PATHS = (
					"$(inherited)",
					"@executable_path/Frameworks",
					"@loader_path/Frameworks",
				);
				MARKETING_VERSION = 1.0;
				PRODUCT_BUNDLE_IDENTIFIER = com.test.iOSTestTests;
				PRODUCT_NAME = "$(TARGET_NAME)";
				SWIFT_EMIT_LOC_STRINGS = NO;
				SWIFT_VERSION = 5.0;
				TARGETED_DEVICE_FAMILY = "1,2";
				TEST_HOST = "$(BUILT_PRODUCTS_DIR)/iOSTest.app/iOSTest";
			};
			name = Release;
		};
		CD9F5DC4273EF932009AB887 /* Debug */ = {
			isa = XCBuildConfiguration;
			buildSettings = {
				ALWAYS_EMBED_SWIFT_STANDARD_LIBRARIES = YES;
				CODE_SIGN_STYLE = Automatic;
				CURRENT_PROJECT_VERSION = 1;
				GENERATE_INFOPLIST_FILE = YES;
				LD_RUNPATH_SEARCH_PATHS = (
					"$(inherited)",
					"@executable_path/Frameworks",
					"@loader_path/Frameworks",
				);
				MARKETING_VERSION = 1.0;
				PRODUCT_BUNDLE_IDENTIFIER = com.test.iOSTestUITests;
				PRODUCT_NAME = "$(TARGET_NAME)";
				SWIFT_EMIT_LOC_STRINGS = NO;
				SWIFT_VERSION = 5.0;
				TARGETED_DEVICE_FAMILY = "1,2";
				TEST_TARGET_NAME = iOSTest;
			};
			name = Debug;
		};
		CD9F5DC5273EF932009AB887 /* Release */ = {
			isa = XCBuildConfiguration;
			buildSettings = {
				ALWAYS_EMBED_SWIFT_STANDARD_LIBRARIES = YES;
				CODE_SIGN_STYLE = Automatic;
				CURRENT_PROJECT_VERSION = 1;
				GENERATE_INFOPLIST_FILE = YES;
				LD_RUNPATH_SEARCH_PATHS = (
					"$(inherited)",
					"@executable_path/Frameworks",
					"@loader_path/Frameworks",
				);
				MARKETING_VERSION = 1.0;
				PRODUCT_BUNDLE_IDENTIFIER = com.test.iOSTestUITests;
				PRODUCT_NAME = "$(TARGET_NAME)";
				SWIFT_EMIT_LOC_STRINGS = NO;
				SWIFT_VERSION = 5.0;
				TARGETED_DEVICE_FAMILY = "1,2";
				TEST_TARGET_NAME = iOSTest;
			};
			name = Release;
		};
/* End XCBuildConfiguration section */

/* Begin XCConfigurationList section */
		CD9F5D8B273EF931009AB887 /* Build configuration list for PBXProject "iOSTest" */ = {
			isa = XCConfigurationList;
			buildConfigurations = (
				CD9F5DBB273EF932009AB887 /* Debug */,
				CD9F5DBC273EF932009AB887 /* Release */,
			);
			defaultConfigurationIsVisible = 0;
			defaultConfigurationName = Release;
		};
		CD9F5DBD273EF932009AB887 /* Build configuration list for PBXNativeTarget "iOSTest" */ = {
			isa = XCConfigurationList;
			buildConfigurations = (
				CD9F5DBE273EF932009AB887 /* Debug */,
				CD9F5DBF273EF932009AB887 /* Release */,
			);
			defaultConfigurationIsVisible = 0;
			defaultConfigurationName = Release;
		};
		CD9F5DC0273EF932009AB887 /* Build configuration list for PBXNativeTarget "iOSTestTests" */ = {
			isa = XCConfigurationList;
			buildConfigurations = (
				CD9F5DC1273EF932009AB887 /* Debug */,
				CD9F5DC2273EF932009AB887 /* Release */,
			);
			defaultConfigurationIsVisible = 0;
			defaultConfigurationName = Release;
		};
		CD9F5DC3273EF932009AB887 /* Build configuration list for PBXNativeTarget "iOSTestUITests" */ = {
			isa = XCConfigurationList;
			buildConfigurations = (
				CD9F5DC4273EF932009AB887 /* Debug */,
				CD9F5DC5273EF932009AB887 /* Release */,
			);
			defaultConfigurationIsVisible = 0;
			defaultConfigurationName = Release;
		};
/* End XCConfigurationList section */

/* Begin XCRemoteSwiftPackageReference section */
		CD9F5DCD273EFB1C009AB887 /* XCRemoteSwiftPackageReference "Alamofire" */ = {
			isa = XCRemoteSwiftPackageReference;
			repositoryURL = "https://github.com/Alamofire/Alamofire.git";
			requirement = {
				branch = master;
				kind = branch;
			};
		};
		CD9F5E3327402FCE009AB887 /* XCRemoteSwiftPackageReference "realm-cocoa" */ = {
			isa = XCRemoteSwiftPackageReference;
			repositoryURL = "https://github.com/realm/realm-cocoa.git";
			requirement = {
				kind = upToNextMajorVersion;
				minimumVersion = 10.19.0;
			};
		};
/* End XCRemoteSwiftPackageReference section */

/* Begin XCSwiftPackageProductDependency section */
		CD9F5DCE273EFB1C009AB887 /* Alamofire */ = {
			isa = XCSwiftPackageProductDependency;
			package = CD9F5DCD273EFB1C009AB887 /* XCRemoteSwiftPackageReference "Alamofire" */;
			productName = Alamofire;
		};
		CD9F5E3427402FCE009AB887 /* RealmSwift */ = {
			isa = XCSwiftPackageProductDependency;
			package = CD9F5E3327402FCE009AB887 /* XCRemoteSwiftPackageReference "realm-cocoa" */;
			productName = RealmSwift;
		};
/* End XCSwiftPackageProductDependency section */

/* Begin XCVersionGroup section */
		CD9F5D9C273EF931009AB887 /* iOSTest.xcdatamodeld */ = {
			isa = XCVersionGroup;
			children = (
				CD9F5D9D273EF931009AB887 /* iOSTest.xcdatamodel */,
			);
			currentVersion = CD9F5D9D273EF931009AB887 /* iOSTest.xcdatamodel */;
			path = iOSTest.xcdatamodeld;
			sourceTree = "<group>";
			versionGroupType = wrapper.xcdatamodel;
		};
/* End XCVersionGroup section */
	};
	rootObject = CD9F5D88273EF931009AB887 /* Project object */;
}
